
Microsoft Visual Studio Solution File, Format Version 12.00
# Visual Studio Version 16
VisualStudioVersion = 25.0.1704.3
MinimumVisualStudioVersion = 10.0.40219.1
Project("{FAE04EC0-301F-11D3-BF4B-00C04F79EFBC}") = "ShootsNLadders.Server", "Server\ShootsNLadders.Server.csproj", "{1932FB78-51EE-4E0C-BF30-63EE50C44705}"
EndProject
Project("{FAE04EC0-301F-11D3-BF4B-00C04F79EFBC}") = "ShootsNLadders.Client", "Client\ShootsNLadders.Client.csproj", "{9091C5A5-0827-4A5F-9248-6167DC9A3400}"
EndProject
Project("{FAE04EC0-301F-11D3-BF4B-00C04F79EFBC}") = "ShootsNLadders.Shared", "Shared\ShootsNLadders.Shared.csproj", "{BF00DC7F-FA6D-4A22-9094-FFBAC616828F}"
EndProject
Global
	GlobalSection(SolutionConfigurationPlatforms) = preSolution
		Debug|Any CPU = Debug|Any CPU
		Release|Any CPU = Release|Any CPU
	EndGlobalSection
	GlobalSection(ProjectConfigurationPlatforms) = postSolution
		{1932FB78-51EE-4E0C-BF30-63EE50C44705}.Debug|Any CPU.ActiveCfg = Debug|Any CPU
		{1932FB78-51EE-4E0C-BF30-63EE50C44705}.Debug|Any CPU.Build.0 = Debug|Any CPU
		{1932FB78-51EE-4E0C-BF30-63EE50C44705}.Release|Any CPU.ActiveCfg = Release|Any CPU
		{1932FB78-51EE-4E0C-BF30-63EE50C44705}.Release|Any CPU.Build.0 = Release|Any CPU
		{9091C5A5-0827-4A5F-9248-6167DC9A3400}.Debug|Any CPU.ActiveCfg = Debug|Any CPU
		{9091C5A5-0827-4A5F-9248-6167DC9A3400}.Debug|Any CPU.Build.0 = Debug|Any CPU
		{9091C5A5-0827-4A5F-9248-6167DC9A3400}.Release|Any CPU.ActiveCfg = Release|Any CPU
		{9091C5A5-0827-4A5F-9248-6167DC9A3400}.Release|Any CPU.Build.0 = Release|Any CPU
		{BF00DC7F-FA6D-4A22-9094-FFBAC616828F}.Debug|Any CPU.ActiveCfg = Debug|Any CPU
		{BF00DC7F-FA6D-4A22-9094-FFBAC616828F}.Debug|Any CPU.Build.0 = Debug|Any CPU
		{BF00DC7F-FA6D-4A22-9094-FFBAC616828F}.Release|Any CPU.ActiveCfg = Release|Any CPU
		{BF00DC7F-FA6D-4A22-9094-FFBAC616828F}.Release|Any CPU.Build.0 = Release|Any CPU
	EndGlobalSection
	GlobalSection(SolutionProperties) = preSolution
		HideSolutionNode = FALSE
	EndGlobalSection
	GlobalSection(ExtensibilityGlobals) = postSolution
		SolutionGuid = {7F88D4DC-2CEA-4F8C-B27E-6AF15A0A4CB6}
	EndGlobalSection
EndGlobal
